
Microsoft Visual Studio Solution File, Format Version 10.00
# Visual Studio 2008
Project("{2150E333-8FDC-42A3-9474-1A3956D46DE8}") = "Solution Items", "Solution Items", "{FED2BEF6-4794-4A58-BFA9-D82A72F90F7D}"
	ProjectSection(SolutionItems) = preProject
		README.md = README.md
		TODO = TODO
	EndProjectSection
EndProject
Project("{8BC9CEB8-8B4A-11D0-8D11-00A0C91BC942}") = "test_window_class", "Application\test_window_class\test_window_class.vcproj", "{38E029BC-86D3-41E0-BB41-DA5DD252F210}"
	ProjectSection(ProjectDependencies) = postProject
		{8A45A6DA-907C-45CE-92B6-ACC0EA43266C} = {8A45A6DA-907C-45CE-92B6-ACC0EA43266C}
	EndProjectSection
EndProject
Project("{8BC9CEB8-8B4A-11D0-8D11-00A0C91BC942}") = "test_long_opt", "Application\test_long_opt\test_long_opt.vcproj", "{93031C91-050C-44F5-AF63-7EE65A7E9605}"
	ProjectSection(ProjectDependencies) = postProject
		{8A45A6DA-907C-45CE-92B6-ACC0EA43266C} = {8A45A6DA-907C-45CE-92B6-ACC0EA43266C}
	EndProjectSection
EndProject
Project("{8BC9CEB8-8B4A-11D0-8D11-00A0C91BC942}") = "template", "Application\template\template.vcproj", "{7D3D5914-FB79-40AA-B8AF-AAC0F81BBEE8}"
	ProjectSection(ProjectDependencies) = postProject
		{8A45A6DA-907C-45CE-92B6-ACC0EA43266C} = {8A45A6DA-907C-45CE-92B6-ACC0EA43266C}
	EndProjectSection
EndProject
Project("{8BC9CEB8-8B4A-11D0-8D11-00A0C91BC942}") = "h264", "Application\h264\h264.vcproj", "{2A9BCA55-F6F5-4A0E-A9A3-ECB538223918}"
	ProjectSection(ProjectDependencies) = postProject
		{8A45A6DA-907C-45CE-92B6-ACC0EA43266C} = {8A45A6DA-907C-45CE-92B6-ACC0EA43266C}
	EndProjectSection
EndProject
Project("{8BC9CEB8-8B4A-11D0-8D11-00A0C91BC942}") = "test_simple", "Application\test_simple\test_simple.vcproj", "{D9E9C81C-20BC-4825-AFAB-473449D85C0A}"
	ProjectSection(ProjectDependencies) = postProject
		{8A45A6DA-907C-45CE-92B6-ACC0EA43266C} = {8A45A6DA-907C-45CE-92B6-ACC0EA43266C}
	EndProjectSection
EndProject
Project("{8BC9CEB8-8B4A-11D0-8D11-00A0C91BC942}") = "test_png", "Application\test_png\test_png.vcproj", "{2D756B39-021B-492B-AAE7-863E7BE795EA}"
	ProjectSection(ProjectDependencies) = postProject
		{8A45A6DA-907C-45CE-92B6-ACC0EA43266C} = {8A45A6DA-907C-45CE-92B6-ACC0EA43266C}
	EndProjectSection
EndProject
Project("{8BC9CEB8-8B4A-11D0-8D11-00A0C91BC942}") = "sx_iomux", "Application\sx_iomux\sx_iomux.vcproj", "{8DE03E2D-30B4-4BC3-BD91-A30D8F8F4CEE}"
	ProjectSection(ProjectDependencies) = postProject
		{8A45A6DA-907C-45CE-92B6-ACC0EA43266C} = {8A45A6DA-907C-45CE-92B6-ACC0EA43266C}
	EndProjectSection
EndProject
Project("{8BC9CEB8-8B4A-11D0-8D11-00A0C91BC942}") = "vp9", "Application\vp9\vp9.vcproj", "{E87E0A00-3321-40A7-B03F-13BDE51D693F}"
	ProjectSection(ProjectDependencies) = postProject
		{8A45A6DA-907C-45CE-92B6-ACC0EA43266C} = {8A45A6DA-907C-45CE-92B6-ACC0EA43266C}
	EndProjectSection
EndProject
Project("{8BC9CEB8-8B4A-11D0-8D11-00A0C91BC942}") = "aves", "Application\aves\aves.vcproj", "{135EC62C-B00D-453B-B0A9-81E5D66D7AE6}"
	ProjectSection(ProjectDependencies) = postProject
		{8A45A6DA-907C-45CE-92B6-ACC0EA43266C} = {8A45A6DA-907C-45CE-92B6-ACC0EA43266C}
	EndProjectSection
EndProject
Project("{8BC9CEB8-8B4A-11D0-8D11-00A0C91BC942}") = "avlog", "Application\avlog\avlog.vcproj", "{1E9E1F57-D059-4ED2-B493-9A2E8391BFE9}"
	ProjectSection(ProjectDependencies) = postProject
		{8A45A6DA-907C-45CE-92B6-ACC0EA43266C} = {8A45A6DA-907C-45CE-92B6-ACC0EA43266C}
	EndProjectSection
EndProject
Project("{8BC9CEB8-8B4A-11D0-8D11-00A0C91BC942}") = "wavegen", "Application\wavegen\wavegen.vcproj", "{4EBE6719-9A0B-45A5-A7A2-71C2D2AC1204}"
	ProjectSection(ProjectDependencies) = postProject
		{8A45A6DA-907C-45CE-92B6-ACC0EA43266C} = {8A45A6DA-907C-45CE-92B6-ACC0EA43266C}
	EndProjectSection
EndProject
Project("{8BC9CEB8-8B4A-11D0-8D11-00A0C91BC942}") = "fft", "Application\fft\fft.vcproj", "{BEC68D16-D393-4B27-B34E-353659A2F204}"
	ProjectSection(ProjectDependencies) = postProject
		{8A45A6DA-907C-45CE-92B6-ACC0EA43266C} = {8A45A6DA-907C-45CE-92B6-ACC0EA43266C}
	EndProjectSection
EndProject
Project("{8BC9CEB8-8B4A-11D0-8D11-00A0C91BC942}") = "mpeg2", "Application\mpeg2\mpeg2.vcproj", "{6AFA8149-2D57-43DF-8558-DC17412672B5}"
	ProjectSection(ProjectDependencies) = postProject
		{8A45A6DA-907C-45CE-92B6-ACC0EA43266C} = {8A45A6DA-907C-45CE-92B6-ACC0EA43266C}
	EndProjectSection
EndProject
Project("{8BC9CEB8-8B4A-11D0-8D11-00A0C91BC942}") = "avformat", "Application\avformat\avformat.vcproj", "{8DDD9181-53CE-4546-BC1A-4F743500E47B}"
	ProjectSection(ProjectDependencies) = postProject
		{8A45A6DA-907C-45CE-92B6-ACC0EA43266C} = {8A45A6DA-907C-45CE-92B6-ACC0EA43266C}
	EndProjectSection
EndProject
Project("{8BC9CEB8-8B4A-11D0-8D11-00A0C91BC942}") = "video_path", "Application\video_path\video_path.vcproj", "{83060532-6AC4-47FA-93CD-2608DA834B5B}"
	ProjectSection(ProjectDependencies) = postProject
		{8A45A6DA-907C-45CE-92B6-ACC0EA43266C} = {8A45A6DA-907C-45CE-92B6-ACC0EA43266C}
	EndProjectSection
EndProject
Project("{8BC9CEB8-8B4A-11D0-8D11-00A0C91BC942}") = "test_cjson", "Application\test_cjson\test_cjson.vcproj", "{9C5132A6-F3AF-4410-A0B5-C19050ED2D13}"
	ProjectSection(ProjectDependencies) = postProject
		{8A45A6DA-907C-45CE-92B6-ACC0EA43266C} = {8A45A6DA-907C-45CE-92B6-ACC0EA43266C}
	EndProjectSection
EndProject
Project("{8BC9CEB8-8B4A-11D0-8D11-00A0C91BC942}") = "feeling_mix", "Application\feeling_mix\feeling_mix.vcproj", "{44D9D2E4-650D-4BEC-81F0-BE319106BEB6}"
	ProjectSection(ProjectDependencies) = postProject
		{8A45A6DA-907C-45CE-92B6-ACC0EA43266C} = {8A45A6DA-907C-45CE-92B6-ACC0EA43266C}
	EndProjectSection
EndProject
Project("{8BC9CEB8-8B4A-11D0-8D11-00A0C91BC942}") = "cutoff", "Application\cutoff\cutoff.vcproj", "{75FACE70-4C33-4DF5-983C-755FA2FA1D07}"
	ProjectSection(ProjectDependencies) = postProject
		{8A45A6DA-907C-45CE-92B6-ACC0EA43266C} = {8A45A6DA-907C-45CE-92B6-ACC0EA43266C}
	EndProjectSection
EndProject
Project("{8BC9CEB8-8B4A-11D0-8D11-00A0C91BC942}") = "compare", "Application\compare\compare.vcproj", "{5E70AA04-8199-4510-9879-683C0E37DACC}"
	ProjectSection(ProjectDependencies) = postProject
		{8A45A6DA-907C-45CE-92B6-ACC0EA43266C} = {8A45A6DA-907C-45CE-92B6-ACC0EA43266C}
	EndProjectSection
EndProject
Project("{8BC9CEB8-8B4A-11D0-8D11-00A0C91BC942}") = "search", "Application\search\search.vcproj", "{9A9FAD36-B219-4179-B487-5155D95F863C}"
	ProjectSection(ProjectDependencies) = postProject
		{8A45A6DA-907C-45CE-92B6-ACC0EA43266C} = {8A45A6DA-907C-45CE-92B6-ACC0EA43266C}
	EndProjectSection
EndProject
Project("{8BC9CEB8-8B4A-11D0-8D11-00A0C91BC942}") = "sxmemr", "Application\sxmemr\sxmemr.vcproj", "{1CD5D118-E817-4BA9-9E8B-42607335ADBC}"
	ProjectSection(ProjectDependencies) = postProject
		{8A45A6DA-907C-45CE-92B6-ACC0EA43266C} = {8A45A6DA-907C-45CE-92B6-ACC0EA43266C}
	EndProjectSection
EndProject
Project("{8BC9CEB8-8B4A-11D0-8D11-00A0C91BC942}") = "hexdump", "Application\hexdump\hexdump.vcproj", "{F672B1D8-BBD8-43A7-8D9E-6C93D47AB762}"
	ProjectSection(ProjectDependencies) = postProject
		{8A45A6DA-907C-45CE-92B6-ACC0EA43266C} = {8A45A6DA-907C-45CE-92B6-ACC0EA43266C}
	EndProjectSection
EndProject
Project("{8BC9CEB8-8B4A-11D0-8D11-00A0C91BC942}") = "test_zstacklib", "Application\test_zstacklib\test_zstacklib.vcproj", "{AC231294-FEC0-462F-8DDB-74493AB0334D}"
	ProjectSection(ProjectDependencies) = postProject
		{8A45A6DA-907C-45CE-92B6-ACC0EA43266C} = {8A45A6DA-907C-45CE-92B6-ACC0EA43266C}
	EndProjectSection
EndProject
Project("{8BC9CEB8-8B4A-11D0-8D11-00A0C91BC942}") = "fieldmerge", "Application\fieldmerge\fieldmerge.vcproj", "{43949EE7-3EDA-490B-898D-00D3BF70539D}"
	ProjectSection(ProjectDependencies) = postProject
		{8A45A6DA-907C-45CE-92B6-ACC0EA43266C} = {8A45A6DA-907C-45CE-92B6-ACC0EA43266C}
	EndProjectSection
EndProject
Project("{8BC9CEB8-8B4A-11D0-8D11-00A0C91BC942}") = "hs_monitor", "Application\hs_monitor\hs_monitor.vcproj", "{E6C04150-7D6C-45E5-AD24-22D285061C68}"
	ProjectSection(ProjectDependencies) = postProject
		{8A45A6DA-907C-45CE-92B6-ACC0EA43266C} = {8A45A6DA-907C-45CE-92B6-ACC0EA43266C}
	EndProjectSection
EndProject
Project("{8BC9CEB8-8B4A-11D0-8D11-00A0C91BC942}") = "sxmemw", "Application\sxmemw\sxmemw.vcproj", "{49CDAC78-0CD5-464A-8EF9-E34C400BA4AB}"
EndProject
Project("{8BC9CEB8-8B4A-11D0-8D11-00A0C91BC942}") = "avpts", "Application\avpts\avpts.vcproj", "{4811057B-5988-4850-AB0D-A94EDBA38F39}"
	ProjectSection(ProjectDependencies) = postProject
		{8A45A6DA-907C-45CE-92B6-ACC0EA43266C} = {8A45A6DA-907C-45CE-92B6-ACC0EA43266C}
	EndProjectSection
EndProject
Project("{2150E333-8FDC-42A3-9474-1A3956D46DE8}") = "Library", "Library", "{EBE949ED-3E43-48E7-A3C6-9AEC7DEADD5C}"
EndProject
Project("{2150E333-8FDC-42A3-9474-1A3956D46DE8}") = "Application", "Application", "{A45B595C-8D78-4403-90C8-FC533D891D98}"
EndProject
Project("{2150E333-8FDC-42A3-9474-1A3956D46DE8}") = "Include", "Include", "{C9A677B9-CCDD-44A2-9EBB-B9847CD4878B}"
EndProject
Project("{2150E333-8FDC-42A3-9474-1A3956D46DE8}") = "VSilicon", "VSilicon", "{47803620-3C6A-4D71-BCA1-B888C00A2EB4}"
EndProject
Project("{2150E333-8FDC-42A3-9474-1A3956D46DE8}") = "Windows", "Windows", "{525C01FC-F83C-43FF-90D7-39AE5B57B950}"
EndProject
Project("{2150E333-8FDC-42A3-9474-1A3956D46DE8}") = "Codec", "Codec", "{408B100D-EF25-456E-8C2D-0328B5CA79FE}"
EndProject
Project("{8BC9CEB8-8B4A-11D0-8D11-00A0C91BC942}") = "avpts_dump", "Application\avpts_dump\avpts_dump.vcproj", "{7B8FF55B-BF5D-46D9-AEAE-88892668E5A6}"
EndProject
Project("{8BC9CEB8-8B4A-11D0-8D11-00A0C91BC942}") = "avloader", "Application\avloader\avloader.vcproj", "{97C386F3-4DAD-47F9-B81C-96AF79D7CADA}"
EndProject
Project("{8BC9CEB8-8B4A-11D0-8D11-00A0C91BC942}") = "yuvset", "Application\convert_y2white\convert_y2white.vcproj", "{07EE320C-A896-4AFC-92E4-39C55C36359E}"
	ProjectSection(ProjectDependencies) = postProject
		{8A45A6DA-907C-45CE-92B6-ACC0EA43266C} = {8A45A6DA-907C-45CE-92B6-ACC0EA43266C}
	EndProjectSection
EndProject
Project("{8BC9CEB8-8B4A-11D0-8D11-00A0C91BC942}") = "tcp", "Application\tcp\tcp.vcproj", "{18C14A2D-00FE-4404-96E8-07C0C8251F62}"
EndProject
Project("{8BC9CEB8-8B4A-11D0-8D11-00A0C91BC942}") = "udp", "Application\udp\udp.vcproj", "{6CD0D7ED-E00E-4821-99C8-584E15F80FDB}"
EndProject
Project("{8BC9CEB8-8B4A-11D0-8D11-00A0C91BC942}") = "stack", "Application\stack\stack.vcproj", "{DC61C357-ACBF-44F1-8A19-9FCA18191DC2}"
EndProject
Project("{8BC9CEB8-8B4A-11D0-8D11-00A0C91BC942}") = "field", "Application\field\field.vcproj", "{7AFDD079-1942-4DFB-A1DC-B14B9C831377}"
EndProject
Project("{2150E333-8FDC-42A3-9474-1A3956D46DE8}") = "FFMPEG", "FFMPEG", "{BCE6AA2C-EE61-4BAE-A2F4-3B58B232AF09}"
EndProject
Project("{2150E333-8FDC-42A3-9474-1A3956D46DE8}") = "Network", "Network", "{B01A6B96-E5D6-4D5D-9469-86907FA82E6E}"
EndProject
Project("{2150E333-8FDC-42A3-9474-1A3956D46DE8}") = "Misc", "Misc", "{8D04F95C-0E08-4132-8102-90F9B96DF784}"
EndProject
Project("{2150E333-8FDC-42A3-9474-1A3956D46DE8}") = "Algo", "Algo", "{298C729C-7A64-46C2-A27F-12C568EE36D9}"
EndProject
Project("{2150E333-8FDC-42A3-9474-1A3956D46DE8}") = "Game", "Game", "{DDEEEEF3-F3E8-4935-B313-79611461ACEA}"
EndProject
Project("{8BC9CEB8-8B4A-11D0-8D11-00A0C91BC942}") = "hello_ffmpeg", "Application\hello_ffmpeg\hello_ffmpeg.vcproj", "{3E43C894-77B1-4486-8C08-AA4660ABB760}"
EndProject
Project("{8BC9CEB8-8B4A-11D0-8D11-00A0C91BC942}") = "zstack", "Library\ZSTACKLIB\zstack.vcproj", "{8A45A6DA-907C-45CE-92B6-ACC0EA43266C}"
EndProject
Project("{8BC9CEB8-8B4A-11D0-8D11-00A0C91BC942}") = "h265", "Application\h265\h265.vcproj", "{445EBA04-4CF4-4129-9DBE-EF443520542D}"
EndProject
Project("{8BC9CEB8-8B4A-11D0-8D11-00A0C91BC942}") = "video_watermarke_detection", "Application\video_watermarke_detection\video_watermarke_detection.vcproj", "{2223DEF5-AC6E-4D4C-813A-9CB86C8740F8}"
	ProjectSection(ProjectDependencies) = postProject
		{8A45A6DA-907C-45CE-92B6-ACC0EA43266C} = {8A45A6DA-907C-45CE-92B6-ACC0EA43266C}
	EndProjectSection
EndProject
Global
	GlobalSection(SolutionConfigurationPlatforms) = preSolution
		Debug|Win32 = Debug|Win32
		Release|Win32 = Release|Win32
	EndGlobalSection
	GlobalSection(ProjectConfigurationPlatforms) = postSolution
		{38E029BC-86D3-41E0-BB41-DA5DD252F210}.Debug|Win32.ActiveCfg = Debug|Win32
		{38E029BC-86D3-41E0-BB41-DA5DD252F210}.Debug|Win32.Build.0 = Debug|Win32
		{38E029BC-86D3-41E0-BB41-DA5DD252F210}.Release|Win32.ActiveCfg = Release|Win32
		{38E029BC-86D3-41E0-BB41-DA5DD252F210}.Release|Win32.Build.0 = Release|Win32
		{93031C91-050C-44F5-AF63-7EE65A7E9605}.Debug|Win32.ActiveCfg = Debug|Win32
		{93031C91-050C-44F5-AF63-7EE65A7E9605}.Debug|Win32.Build.0 = Debug|Win32
		{93031C91-050C-44F5-AF63-7EE65A7E9605}.Release|Win32.ActiveCfg = Release|Win32
		{93031C91-050C-44F5-AF63-7EE65A7E9605}.Release|Win32.Build.0 = Release|Win32
		{7D3D5914-FB79-40AA-B8AF-AAC0F81BBEE8}.Debug|Win32.ActiveCfg = Debug|Win32
		{7D3D5914-FB79-40AA-B8AF-AAC0F81BBEE8}.Debug|Win32.Build.0 = Debug|Win32
		{7D3D5914-FB79-40AA-B8AF-AAC0F81BBEE8}.Release|Win32.ActiveCfg = Release|Win32
		{7D3D5914-FB79-40AA-B8AF-AAC0F81BBEE8}.Release|Win32.Build.0 = Release|Win32
		{2A9BCA55-F6F5-4A0E-A9A3-ECB538223918}.Debug|Win32.ActiveCfg = Debug|Win32
		{2A9BCA55-F6F5-4A0E-A9A3-ECB538223918}.Debug|Win32.Build.0 = Debug|Win32
		{2A9BCA55-F6F5-4A0E-A9A3-ECB538223918}.Release|Win32.ActiveCfg = Release|Win32
		{2A9BCA55-F6F5-4A0E-A9A3-ECB538223918}.Release|Win32.Build.0 = Release|Win32
		{D9E9C81C-20BC-4825-AFAB-473449D85C0A}.Debug|Win32.ActiveCfg = Debug|Win32
		{D9E9C81C-20BC-4825-AFAB-473449D85C0A}.Debug|Win32.Build.0 = Debug|Win32
		{D9E9C81C-20BC-4825-AFAB-473449D85C0A}.Release|Win32.ActiveCfg = Release|Win32
		{D9E9C81C-20BC-4825-AFAB-473449D85C0A}.Release|Win32.Build.0 = Release|Win32
		{2D756B39-021B-492B-AAE7-863E7BE795EA}.Debug|Win32.ActiveCfg = Debug|Win32
		{2D756B39-021B-492B-AAE7-863E7BE795EA}.Debug|Win32.Build.0 = Debug|Win32
		{2D756B39-021B-492B-AAE7-863E7BE795EA}.Release|Win32.ActiveCfg = Release|Win32
		{2D756B39-021B-492B-AAE7-863E7BE795EA}.Release|Win32.Build.0 = Release|Win32
		{8DE03E2D-30B4-4BC3-BD91-A30D8F8F4CEE}.Debug|Win32.ActiveCfg = Debug|Win32
		{8DE03E2D-30B4-4BC3-BD91-A30D8F8F4CEE}.Debug|Win32.Build.0 = Debug|Win32
		{8DE03E2D-30B4-4BC3-BD91-A30D8F8F4CEE}.Release|Win32.ActiveCfg = Release|Win32
		{8DE03E2D-30B4-4BC3-BD91-A30D8F8F4CEE}.Release|Win32.Build.0 = Release|Win32
		{E87E0A00-3321-40A7-B03F-13BDE51D693F}.Debug|Win32.ActiveCfg = Debug|Win32
		{E87E0A00-3321-40A7-B03F-13BDE51D693F}.Debug|Win32.Build.0 = Debug|Win32
		{E87E0A00-3321-40A7-B03F-13BDE51D693F}.Release|Win32.ActiveCfg = Release|Win32
		{E87E0A00-3321-40A7-B03F-13BDE51D693F}.Release|Win32.Build.0 = Release|Win32
		{135EC62C-B00D-453B-B0A9-81E5D66D7AE6}.Debug|Win32.ActiveCfg = Debug|Win32
		{135EC62C-B00D-453B-B0A9-81E5D66D7AE6}.Debug|Win32.Build.0 = Debug|Win32
		{135EC62C-B00D-453B-B0A9-81E5D66D7AE6}.Release|Win32.ActiveCfg = Release|Win32
		{135EC62C-B00D-453B-B0A9-81E5D66D7AE6}.Release|Win32.Build.0 = Release|Win32
		{1E9E1F57-D059-4ED2-B493-9A2E8391BFE9}.Debug|Win32.ActiveCfg = Debug|Win32
		{1E9E1F57-D059-4ED2-B493-9A2E8391BFE9}.Debug|Win32.Build.0 = Debug|Win32
		{1E9E1F57-D059-4ED2-B493-9A2E8391BFE9}.Release|Win32.ActiveCfg = Release|Win32
		{1E9E1F57-D059-4ED2-B493-9A2E8391BFE9}.Release|Win32.Build.0 = Release|Win32
		{4EBE6719-9A0B-45A5-A7A2-71C2D2AC1204}.Debug|Win32.ActiveCfg = Debug|Win32
		{4EBE6719-9A0B-45A5-A7A2-71C2D2AC1204}.Debug|Win32.Build.0 = Debug|Win32
		{4EBE6719-9A0B-45A5-A7A2-71C2D2AC1204}.Release|Win32.ActiveCfg = Release|Win32
		{4EBE6719-9A0B-45A5-A7A2-71C2D2AC1204}.Release|Win32.Build.0 = Release|Win32
		{BEC68D16-D393-4B27-B34E-353659A2F204}.Debug|Win32.ActiveCfg = Debug|Win32
		{BEC68D16-D393-4B27-B34E-353659A2F204}.Debug|Win32.Build.0 = Debug|Win32
		{BEC68D16-D393-4B27-B34E-353659A2F204}.Release|Win32.ActiveCfg = Release|Win32
		{BEC68D16-D393-4B27-B34E-353659A2F204}.Release|Win32.Build.0 = Release|Win32
		{6AFA8149-2D57-43DF-8558-DC17412672B5}.Debug|Win32.ActiveCfg = Debug|Win32
		{6AFA8149-2D57-43DF-8558-DC17412672B5}.Debug|Win32.Build.0 = Debug|Win32
		{6AFA8149-2D57-43DF-8558-DC17412672B5}.Release|Win32.ActiveCfg = Release|Win32
		{6AFA8149-2D57-43DF-8558-DC17412672B5}.Release|Win32.Build.0 = Release|Win32
		{8DDD9181-53CE-4546-BC1A-4F743500E47B}.Debug|Win32.ActiveCfg = Debug|Win32
		{8DDD9181-53CE-4546-BC1A-4F743500E47B}.Debug|Win32.Build.0 = Debug|Win32
		{8DDD9181-53CE-4546-BC1A-4F743500E47B}.Release|Win32.ActiveCfg = Release|Win32
		{8DDD9181-53CE-4546-BC1A-4F743500E47B}.Release|Win32.Build.0 = Release|Win32
		{83060532-6AC4-47FA-93CD-2608DA834B5B}.Debug|Win32.ActiveCfg = Debug|Win32
		{83060532-6AC4-47FA-93CD-2608DA834B5B}.Debug|Win32.Build.0 = Debug|Win32
		{83060532-6AC4-47FA-93CD-2608DA834B5B}.Release|Win32.ActiveCfg = Release|Win32
		{83060532-6AC4-47FA-93CD-2608DA834B5B}.Release|Win32.Build.0 = Release|Win32
		{9C5132A6-F3AF-4410-A0B5-C19050ED2D13}.Debug|Win32.ActiveCfg = Debug|Win32
		{9C5132A6-F3AF-4410-A0B5-C19050ED2D13}.Debug|Win32.Build.0 = Debug|Win32
		{9C5132A6-F3AF-4410-A0B5-C19050ED2D13}.Release|Win32.ActiveCfg = Release|Win32
		{9C5132A6-F3AF-4410-A0B5-C19050ED2D13}.Release|Win32.Build.0 = Release|Win32
		{44D9D2E4-650D-4BEC-81F0-BE319106BEB6}.Debug|Win32.ActiveCfg = Debug|Win32
		{44D9D2E4-650D-4BEC-81F0-BE319106BEB6}.Debug|Win32.Build.0 = Debug|Win32
		{44D9D2E4-650D-4BEC-81F0-BE319106BEB6}.Release|Win32.ActiveCfg = Release|Win32
		{44D9D2E4-650D-4BEC-81F0-BE319106BEB6}.Release|Win32.Build.0 = Release|Win32
		{75FACE70-4C33-4DF5-983C-755FA2FA1D07}.Debug|Win32.ActiveCfg = Debug|Win32
		{75FACE70-4C33-4DF5-983C-755FA2FA1D07}.Debug|Win32.Build.0 = Debug|Win32
		{75FACE70-4C33-4DF5-983C-755FA2FA1D07}.Release|Win32.ActiveCfg = Release|Win32
		{75FACE70-4C33-4DF5-983C-755FA2FA1D07}.Release|Win32.Build.0 = Release|Win32
		{5E70AA04-8199-4510-9879-683C0E37DACC}.Debug|Win32.ActiveCfg = Debug|Win32
		{5E70AA04-8199-4510-9879-683C0E37DACC}.Debug|Win32.Build.0 = Debug|Win32
		{5E70AA04-8199-4510-9879-683C0E37DACC}.Release|Win32.ActiveCfg = Release|Win32
		{5E70AA04-8199-4510-9879-683C0E37DACC}.Release|Win32.Build.0 = Release|Win32
		{9A9FAD36-B219-4179-B487-5155D95F863C}.Debug|Win32.ActiveCfg = Debug|Win32
		{9A9FAD36-B219-4179-B487-5155D95F863C}.Debug|Win32.Build.0 = Debug|Win32
		{9A9FAD36-B219-4179-B487-5155D95F863C}.Release|Win32.ActiveCfg = Release|Win32
		{9A9FAD36-B219-4179-B487-5155D95F863C}.Release|Win32.Build.0 = Release|Win32
		{1CD5D118-E817-4BA9-9E8B-42607335ADBC}.Debug|Win32.ActiveCfg = Debug|Win32
		{1CD5D118-E817-4BA9-9E8B-42607335ADBC}.Debug|Win32.Build.0 = Debug|Win32
		{1CD5D118-E817-4BA9-9E8B-42607335ADBC}.Release|Win32.ActiveCfg = Release|Win32
		{1CD5D118-E817-4BA9-9E8B-42607335ADBC}.Release|Win32.Build.0 = Release|Win32
		{F672B1D8-BBD8-43A7-8D9E-6C93D47AB762}.Debug|Win32.ActiveCfg = Debug|Win32
		{F672B1D8-BBD8-43A7-8D9E-6C93D47AB762}.Debug|Win32.Build.0 = Debug|Win32
		{F672B1D8-BBD8-43A7-8D9E-6C93D47AB762}.Release|Win32.ActiveCfg = Release|Win32
		{F672B1D8-BBD8-43A7-8D9E-6C93D47AB762}.Release|Win32.Build.0 = Release|Win32
		{AC231294-FEC0-462F-8DDB-74493AB0334D}.Debug|Win32.ActiveCfg = Debug|Win32
		{AC231294-FEC0-462F-8DDB-74493AB0334D}.Debug|Win32.Build.0 = Debug|Win32
		{AC231294-FEC0-462F-8DDB-74493AB0334D}.Release|Win32.ActiveCfg = Release|Win32
		{AC231294-FEC0-462F-8DDB-74493AB0334D}.Release|Win32.Build.0 = Release|Win32
		{43949EE7-3EDA-490B-898D-00D3BF70539D}.Debug|Win32.ActiveCfg = Debug|Win32
		{43949EE7-3EDA-490B-898D-00D3BF70539D}.Debug|Win32.Build.0 = Debug|Win32
		{43949EE7-3EDA-490B-898D-00D3BF70539D}.Release|Win32.ActiveCfg = Release|Win32
		{43949EE7-3EDA-490B-898D-00D3BF70539D}.Release|Win32.Build.0 = Release|Win32
		{E6C04150-7D6C-45E5-AD24-22D285061C68}.Debug|Win32.ActiveCfg = Debug|Win32
		{E6C04150-7D6C-45E5-AD24-22D285061C68}.Debug|Win32.Build.0 = Debug|Win32
		{E6C04150-7D6C-45E5-AD24-22D285061C68}.Release|Win32.ActiveCfg = Release|Win32
		{E6C04150-7D6C-45E5-AD24-22D285061C68}.Release|Win32.Build.0 = Release|Win32
		{49CDAC78-0CD5-464A-8EF9-E34C400BA4AB}.Debug|Win32.ActiveCfg = Debug|Win32
		{49CDAC78-0CD5-464A-8EF9-E34C400BA4AB}.Debug|Win32.Build.0 = Debug|Win32
		{49CDAC78-0CD5-464A-8EF9-E34C400BA4AB}.Release|Win32.ActiveCfg = Release|Win32
		{49CDAC78-0CD5-464A-8EF9-E34C400BA4AB}.Release|Win32.Build.0 = Release|Win32
		{4811057B-5988-4850-AB0D-A94EDBA38F39}.Debug|Win32.ActiveCfg = Debug|Win32
		{4811057B-5988-4850-AB0D-A94EDBA38F39}.Debug|Win32.Build.0 = Debug|Win32
		{4811057B-5988-4850-AB0D-A94EDBA38F39}.Release|Win32.ActiveCfg = Release|Win32
		{4811057B-5988-4850-AB0D-A94EDBA38F39}.Release|Win32.Build.0 = Release|Win32
		{7B8FF55B-BF5D-46D9-AEAE-88892668E5A6}.Debug|Win32.ActiveCfg = Debug|Win32
		{7B8FF55B-BF5D-46D9-AEAE-88892668E5A6}.Debug|Win32.Build.0 = Debug|Win32
		{7B8FF55B-BF5D-46D9-AEAE-88892668E5A6}.Release|Win32.ActiveCfg = Release|Win32
		{7B8FF55B-BF5D-46D9-AEAE-88892668E5A6}.Release|Win32.Build.0 = Release|Win32
		{97C386F3-4DAD-47F9-B81C-96AF79D7CADA}.Debug|Win32.ActiveCfg = Debug|Win32
		{97C386F3-4DAD-47F9-B81C-96AF79D7CADA}.Debug|Win32.Build.0 = Debug|Win32
		{97C386F3-4DAD-47F9-B81C-96AF79D7CADA}.Release|Win32.ActiveCfg = Release|Win32
		{97C386F3-4DAD-47F9-B81C-96AF79D7CADA}.Release|Win32.Build.0 = Release|Win32
		{07EE320C-A896-4AFC-92E4-39C55C36359E}.Debug|Win32.ActiveCfg = Debug|Win32
		{07EE320C-A896-4AFC-92E4-39C55C36359E}.Debug|Win32.Build.0 = Debug|Win32
		{07EE320C-A896-4AFC-92E4-39C55C36359E}.Release|Win32.ActiveCfg = Release|Win32
		{07EE320C-A896-4AFC-92E4-39C55C36359E}.Release|Win32.Build.0 = Release|Win32
		{18C14A2D-00FE-4404-96E8-07C0C8251F62}.Debug|Win32.ActiveCfg = Debug|Win32
		{18C14A2D-00FE-4404-96E8-07C0C8251F62}.Debug|Win32.Build.0 = Debug|Win32
		{18C14A2D-00FE-4404-96E8-07C0C8251F62}.Release|Win32.ActiveCfg = Release|Win32
		{18C14A2D-00FE-4404-96E8-07C0C8251F62}.Release|Win32.Build.0 = Release|Win32
		{6CD0D7ED-E00E-4821-99C8-584E15F80FDB}.Debug|Win32.ActiveCfg = Debug|Win32
		{6CD0D7ED-E00E-4821-99C8-584E15F80FDB}.Debug|Win32.Build.0 = Debug|Win32
		{6CD0D7ED-E00E-4821-99C8-584E15F80FDB}.Release|Win32.ActiveCfg = Release|Win32
		{6CD0D7ED-E00E-4821-99C8-584E15F80FDB}.Release|Win32.Build.0 = Release|Win32
		{DC61C357-ACBF-44F1-8A19-9FCA18191DC2}.Debug|Win32.ActiveCfg = Debug|Win32
		{DC61C357-ACBF-44F1-8A19-9FCA18191DC2}.Debug|Win32.Build.0 = Debug|Win32
		{DC61C357-ACBF-44F1-8A19-9FCA18191DC2}.Release|Win32.ActiveCfg = Release|Win32
		{DC61C357-ACBF-44F1-8A19-9FCA18191DC2}.Release|Win32.Build.0 = Release|Win32
		{7AFDD079-1942-4DFB-A1DC-B14B9C831377}.Debug|Win32.ActiveCfg = Debug|Win32
		{7AFDD079-1942-4DFB-A1DC-B14B9C831377}.Debug|Win32.Build.0 = Debug|Win32
		{7AFDD079-1942-4DFB-A1DC-B14B9C831377}.Release|Win32.ActiveCfg = Release|Win32
		{7AFDD079-1942-4DFB-A1DC-B14B9C831377}.Release|Win32.Build.0 = Release|Win32
		{3E43C894-77B1-4486-8C08-AA4660ABB760}.Debug|Win32.ActiveCfg = Debug|Win32
		{3E43C894-77B1-4486-8C08-AA4660ABB760}.Debug|Win32.Build.0 = Debug|Win32
		{3E43C894-77B1-4486-8C08-AA4660ABB760}.Release|Win32.ActiveCfg = Release|Win32
		{3E43C894-77B1-4486-8C08-AA4660ABB760}.Release|Win32.Build.0 = Release|Win32
		{8A45A6DA-907C-45CE-92B6-ACC0EA43266C}.Debug|Win32.ActiveCfg = Debug|Win32
		{8A45A6DA-907C-45CE-92B6-ACC0EA43266C}.Debug|Win32.Build.0 = Debug|Win32
		{8A45A6DA-907C-45CE-92B6-ACC0EA43266C}.Release|Win32.ActiveCfg = Release|Win32
		{8A45A6DA-907C-45CE-92B6-ACC0EA43266C}.Release|Win32.Build.0 = Release|Win32
		{445EBA04-4CF4-4129-9DBE-EF443520542D}.Debug|Win32.ActiveCfg = Debug|Win32
		{445EBA04-4CF4-4129-9DBE-EF443520542D}.Debug|Win32.Build.0 = Debug|Win32
		{445EBA04-4CF4-4129-9DBE-EF443520542D}.Release|Win32.ActiveCfg = Release|Win32
		{445EBA04-4CF4-4129-9DBE-EF443520542D}.Release|Win32.Build.0 = Release|Win32
		{2223DEF5-AC6E-4D4C-813A-9CB86C8740F8}.Debug|Win32.ActiveCfg = Debug|Win32
		{2223DEF5-AC6E-4D4C-813A-9CB86C8740F8}.Debug|Win32.Build.0 = Debug|Win32
		{2223DEF5-AC6E-4D4C-813A-9CB86C8740F8}.Release|Win32.ActiveCfg = Release|Win32
		{2223DEF5-AC6E-4D4C-813A-9CB86C8740F8}.Release|Win32.Build.0 = Release|Win32
	EndGlobalSection
	GlobalSection(SolutionProperties) = preSolution
		HideSolutionNode = FALSE
	EndGlobalSection
	GlobalSection(NestedProjects) = preSolution
		{8D04F95C-0E08-4132-8102-90F9B96DF784} = {A45B595C-8D78-4403-90C8-FC533D891D98}
		{7D3D5914-FB79-40AA-B8AF-AAC0F81BBEE8} = {A45B595C-8D78-4403-90C8-FC533D891D98}
		{408B100D-EF25-456E-8C2D-0328B5CA79FE} = {A45B595C-8D78-4403-90C8-FC533D891D98}
		{D9E9C81C-20BC-4825-AFAB-473449D85C0A} = {A45B595C-8D78-4403-90C8-FC533D891D98}
		{2D756B39-021B-492B-AAE7-863E7BE795EA} = {A45B595C-8D78-4403-90C8-FC533D891D98}
		{47803620-3C6A-4D71-BCA1-B888C00A2EB4} = {A45B595C-8D78-4403-90C8-FC533D891D98}
		{298C729C-7A64-46C2-A27F-12C568EE36D9} = {A45B595C-8D78-4403-90C8-FC533D891D98}
		{DDEEEEF3-F3E8-4935-B313-79611461ACEA} = {A45B595C-8D78-4403-90C8-FC533D891D98}
		{AC231294-FEC0-462F-8DDB-74493AB0334D} = {A45B595C-8D78-4403-90C8-FC533D891D98}
		{525C01FC-F83C-43FF-90D7-39AE5B57B950} = {A45B595C-8D78-4403-90C8-FC533D891D98}
		{B01A6B96-E5D6-4D5D-9469-86907FA82E6E} = {A45B595C-8D78-4403-90C8-FC533D891D98}
		{DC61C357-ACBF-44F1-8A19-9FCA18191DC2} = {A45B595C-8D78-4403-90C8-FC533D891D98}
		{BCE6AA2C-EE61-4BAE-A2F4-3B58B232AF09} = {A45B595C-8D78-4403-90C8-FC533D891D98}
		{9C5132A6-F3AF-4410-A0B5-C19050ED2D13} = {8D04F95C-0E08-4132-8102-90F9B96DF784}
		{75FACE70-4C33-4DF5-983C-755FA2FA1D07} = {8D04F95C-0E08-4132-8102-90F9B96DF784}
		{5E70AA04-8199-4510-9879-683C0E37DACC} = {8D04F95C-0E08-4132-8102-90F9B96DF784}
		{9A9FAD36-B219-4179-B487-5155D95F863C} = {8D04F95C-0E08-4132-8102-90F9B96DF784}
		{F672B1D8-BBD8-43A7-8D9E-6C93D47AB762} = {8D04F95C-0E08-4132-8102-90F9B96DF784}
		{93031C91-050C-44F5-AF63-7EE65A7E9605} = {8D04F95C-0E08-4132-8102-90F9B96DF784}
		{E87E0A00-3321-40A7-B03F-13BDE51D693F} = {408B100D-EF25-456E-8C2D-0328B5CA79FE}
		{6AFA8149-2D57-43DF-8558-DC17412672B5} = {408B100D-EF25-456E-8C2D-0328B5CA79FE}
		{2A9BCA55-F6F5-4A0E-A9A3-ECB538223918} = {408B100D-EF25-456E-8C2D-0328B5CA79FE}
		{445EBA04-4CF4-4129-9DBE-EF443520542D} = {408B100D-EF25-456E-8C2D-0328B5CA79FE}
		{135EC62C-B00D-453B-B0A9-81E5D66D7AE6} = {47803620-3C6A-4D71-BCA1-B888C00A2EB4}
		{1E9E1F57-D059-4ED2-B493-9A2E8391BFE9} = {47803620-3C6A-4D71-BCA1-B888C00A2EB4}
		{8DDD9181-53CE-4546-BC1A-4F743500E47B} = {47803620-3C6A-4D71-BCA1-B888C00A2EB4}
		{83060532-6AC4-47FA-93CD-2608DA834B5B} = {47803620-3C6A-4D71-BCA1-B888C00A2EB4}
		{1CD5D118-E817-4BA9-9E8B-42607335ADBC} = {47803620-3C6A-4D71-BCA1-B888C00A2EB4}
		{43949EE7-3EDA-490B-898D-00D3BF70539D} = {47803620-3C6A-4D71-BCA1-B888C00A2EB4}
		{49CDAC78-0CD5-464A-8EF9-E34C400BA4AB} = {47803620-3C6A-4D71-BCA1-B888C00A2EB4}
		{4811057B-5988-4850-AB0D-A94EDBA38F39} = {47803620-3C6A-4D71-BCA1-B888C00A2EB4}
		{8DE03E2D-30B4-4BC3-BD91-A30D8F8F4CEE} = {47803620-3C6A-4D71-BCA1-B888C00A2EB4}
		{7B8FF55B-BF5D-46D9-AEAE-88892668E5A6} = {47803620-3C6A-4D71-BCA1-B888C00A2EB4}
		{97C386F3-4DAD-47F9-B81C-96AF79D7CADA} = {47803620-3C6A-4D71-BCA1-B888C00A2EB4}
		{07EE320C-A896-4AFC-92E4-39C55C36359E} = {47803620-3C6A-4D71-BCA1-B888C00A2EB4}
		{2223DEF5-AC6E-4D4C-813A-9CB86C8740F8} = {47803620-3C6A-4D71-BCA1-B888C00A2EB4}
		{BEC68D16-D393-4B27-B34E-353659A2F204} = {298C729C-7A64-46C2-A27F-12C568EE36D9}
		{4EBE6719-9A0B-45A5-A7A2-71C2D2AC1204} = {298C729C-7A64-46C2-A27F-12C568EE36D9}
		{E6C04150-7D6C-45E5-AD24-22D285061C68} = {DDEEEEF3-F3E8-4935-B313-79611461ACEA}
		{44D9D2E4-650D-4BEC-81F0-BE319106BEB6} = {DDEEEEF3-F3E8-4935-B313-79611461ACEA}
		{8A45A6DA-907C-45CE-92B6-ACC0EA43266C} = {EBE949ED-3E43-48E7-A3C6-9AEC7DEADD5C}
		{38E029BC-86D3-41E0-BB41-DA5DD252F210} = {525C01FC-F83C-43FF-90D7-39AE5B57B950}
		{6CD0D7ED-E00E-4821-99C8-584E15F80FDB} = {B01A6B96-E5D6-4D5D-9469-86907FA82E6E}
		{18C14A2D-00FE-4404-96E8-07C0C8251F62} = {B01A6B96-E5D6-4D5D-9469-86907FA82E6E}
		{7AFDD079-1942-4DFB-A1DC-B14B9C831377} = {BCE6AA2C-EE61-4BAE-A2F4-3B58B232AF09}
		{3E43C894-77B1-4486-8C08-AA4660ABB760} = {BCE6AA2C-EE61-4BAE-A2F4-3B58B232AF09}
	EndGlobalSection
EndGlobal
