
Microsoft Visual Studio Solution File, Format Version 12.00
# Visual Studio Version 16
VisualStudioVersion = 16.0.29009.5
MinimumVisualStudioVersion = 10.0.40219.1
Project("{2150E333-8FDC-42A3-9474-1A3956D46DE8}") = "Solution Items", "Solution Items", "{12AA4D75-E213-4F9E-A8CB-C02C6044F8E6}"
	ProjectSection(SolutionItems) = preProject
		README.md = README.md
		TODO = TODO
	EndProjectSection
EndProject
Project("{8BC9CEB8-8B4A-11D0-8D11-00A0C91BC942}") = "zstack", "Library\zstack.vcxproj", "{5A047FA3-C997-4CE1-BFAA-967073326412}"
EndProject
Project("{8BC9CEB8-8B4A-11D0-8D11-00A0C91BC942}") = "VisualVideo", "Application\VisualVideo\VisualVideo.vcxproj", "{72C721FA-ACEC-42F4-8DEE-74D69142E5DD}"
	ProjectSection(ProjectDependencies) = postProject
		{5A047FA3-C997-4CE1-BFAA-967073326412} = {5A047FA3-C997-4CE1-BFAA-967073326412}
	EndProjectSection
EndProject
Project("{8BC9CEB8-8B4A-11D0-8D11-00A0C91BC942}") = "YUVViewer", "Application\YUVViewer\YUVViewer.vcxproj", "{CF59371F-8AFF-4958-BE7B-05A6CC54149B}"
	ProjectSection(ProjectDependencies) = postProject
		{5A047FA3-C997-4CE1-BFAA-967073326412} = {5A047FA3-C997-4CE1-BFAA-967073326412}
	EndProjectSection
EndProject
Project("{8BC9CEB8-8B4A-11D0-8D11-00A0C91BC942}") = "YUVConv", "Application\YUVConv\YUVConv.vcxproj", "{3A133B56-A3C6-4271-B352-2444AD82ADAE}"
	ProjectSection(ProjectDependencies) = postProject
		{5A047FA3-C997-4CE1-BFAA-967073326412} = {5A047FA3-C997-4CE1-BFAA-967073326412}
	EndProjectSection
EndProject
Project("{8BC9CEB8-8B4A-11D0-8D11-00A0C91BC942}") = "template", "Application\template\template.vcxproj", "{9C7A4467-A6EC-4C0E-AA49-68585DB9C6BF}"
	ProjectSection(ProjectDependencies) = postProject
		{5A047FA3-C997-4CE1-BFAA-967073326412} = {5A047FA3-C997-4CE1-BFAA-967073326412}
	EndProjectSection
EndProject
Project("{8BC9CEB8-8B4A-11D0-8D11-00A0C91BC942}") = "FFMPEG_HelloWorld", "Application\FFMPEG_HelloWorld\FFMPEG_HelloWorld.vcxproj", "{AFE67C1C-ED42-422F-B549-B3BD8E33E7DA}"
	ProjectSection(ProjectDependencies) = postProject
		{5A047FA3-C997-4CE1-BFAA-967073326412} = {5A047FA3-C997-4CE1-BFAA-967073326412}
	EndProjectSection
EndProject
Project("{8BC9CEB8-8B4A-11D0-8D11-00A0C91BC942}") = "MP4Parser", "Application\MP4Parser\MP4Parser.vcxproj", "{2B63FA90-EF6F-4643-B6FC-B23788FC1AB1}"
	ProjectSection(ProjectDependencies) = postProject
		{5A047FA3-C997-4CE1-BFAA-967073326412} = {5A047FA3-C997-4CE1-BFAA-967073326412}
	EndProjectSection
EndProject
Project("{8BC9CEB8-8B4A-11D0-8D11-00A0C91BC942}") = "hexdump", "Application\hexdump\hexdump.vcxproj", "{80F7905C-0D38-48F2-B56B-FF92B3FDF9EE}"
EndProject
Global
	GlobalSection(SolutionConfigurationPlatforms) = preSolution
		Debug|x64 = Debug|x64
		Debug|x86 = Debug|x86
		Release|x64 = Release|x64
		Release|x86 = Release|x86
	EndGlobalSection
	GlobalSection(ProjectConfigurationPlatforms) = postSolution
		{5A047FA3-C997-4CE1-BFAA-967073326412}.Debug|x64.ActiveCfg = Debug|x64
		{5A047FA3-C997-4CE1-BFAA-967073326412}.Debug|x64.Build.0 = Debug|x64
		{5A047FA3-C997-4CE1-BFAA-967073326412}.Debug|x86.ActiveCfg = Debug|Win32
		{5A047FA3-C997-4CE1-BFAA-967073326412}.Debug|x86.Build.0 = Debug|Win32
		{5A047FA3-C997-4CE1-BFAA-967073326412}.Release|x64.ActiveCfg = Release|x64
		{5A047FA3-C997-4CE1-BFAA-967073326412}.Release|x64.Build.0 = Release|x64
		{5A047FA3-C997-4CE1-BFAA-967073326412}.Release|x86.ActiveCfg = Release|Win32
		{5A047FA3-C997-4CE1-BFAA-967073326412}.Release|x86.Build.0 = Release|Win32
		{72C721FA-ACEC-42F4-8DEE-74D69142E5DD}.Debug|x64.ActiveCfg = Debug|x64
		{72C721FA-ACEC-42F4-8DEE-74D69142E5DD}.Debug|x64.Build.0 = Debug|x64
		{72C721FA-ACEC-42F4-8DEE-74D69142E5DD}.Debug|x86.ActiveCfg = Debug|Win32
		{72C721FA-ACEC-42F4-8DEE-74D69142E5DD}.Debug|x86.Build.0 = Debug|Win32
		{72C721FA-ACEC-42F4-8DEE-74D69142E5DD}.Release|x64.ActiveCfg = Release|x64
		{72C721FA-ACEC-42F4-8DEE-74D69142E5DD}.Release|x64.Build.0 = Release|x64
		{72C721FA-ACEC-42F4-8DEE-74D69142E5DD}.Release|x86.ActiveCfg = Release|Win32
		{72C721FA-ACEC-42F4-8DEE-74D69142E5DD}.Release|x86.Build.0 = Release|Win32
		{CF59371F-8AFF-4958-BE7B-05A6CC54149B}.Debug|x64.ActiveCfg = Debug|x64
		{CF59371F-8AFF-4958-BE7B-05A6CC54149B}.Debug|x64.Build.0 = Debug|x64
		{CF59371F-8AFF-4958-BE7B-05A6CC54149B}.Debug|x86.ActiveCfg = Debug|Win32
		{CF59371F-8AFF-4958-BE7B-05A6CC54149B}.Debug|x86.Build.0 = Debug|Win32
		{CF59371F-8AFF-4958-BE7B-05A6CC54149B}.Release|x64.ActiveCfg = Release|x64
		{CF59371F-8AFF-4958-BE7B-05A6CC54149B}.Release|x64.Build.0 = Release|x64
		{CF59371F-8AFF-4958-BE7B-05A6CC54149B}.Release|x86.ActiveCfg = Release|Win32
		{CF59371F-8AFF-4958-BE7B-05A6CC54149B}.Release|x86.Build.0 = Release|Win32
		{3A133B56-A3C6-4271-B352-2444AD82ADAE}.Debug|x64.ActiveCfg = Debug|x64
		{3A133B56-A3C6-4271-B352-2444AD82ADAE}.Debug|x64.Build.0 = Debug|x64
		{3A133B56-A3C6-4271-B352-2444AD82ADAE}.Debug|x86.ActiveCfg = Debug|Win32
		{3A133B56-A3C6-4271-B352-2444AD82ADAE}.Debug|x86.Build.0 = Debug|Win32
		{3A133B56-A3C6-4271-B352-2444AD82ADAE}.Release|x64.ActiveCfg = Release|x64
		{3A133B56-A3C6-4271-B352-2444AD82ADAE}.Release|x64.Build.0 = Release|x64
		{3A133B56-A3C6-4271-B352-2444AD82ADAE}.Release|x86.ActiveCfg = Release|Win32
		{3A133B56-A3C6-4271-B352-2444AD82ADAE}.Release|x86.Build.0 = Release|Win32
		{9C7A4467-A6EC-4C0E-AA49-68585DB9C6BF}.Debug|x64.ActiveCfg = Debug|x64
		{9C7A4467-A6EC-4C0E-AA49-68585DB9C6BF}.Debug|x64.Build.0 = Debug|x64
		{9C7A4467-A6EC-4C0E-AA49-68585DB9C6BF}.Debug|x86.ActiveCfg = Debug|Win32
		{9C7A4467-A6EC-4C0E-AA49-68585DB9C6BF}.Debug|x86.Build.0 = Debug|Win32
		{9C7A4467-A6EC-4C0E-AA49-68585DB9C6BF}.Release|x64.ActiveCfg = Release|x64
		{9C7A4467-A6EC-4C0E-AA49-68585DB9C6BF}.Release|x64.Build.0 = Release|x64
		{9C7A4467-A6EC-4C0E-AA49-68585DB9C6BF}.Release|x86.ActiveCfg = Release|Win32
		{9C7A4467-A6EC-4C0E-AA49-68585DB9C6BF}.Release|x86.Build.0 = Release|Win32
		{AFE67C1C-ED42-422F-B549-B3BD8E33E7DA}.Debug|x64.ActiveCfg = Debug|x64
		{AFE67C1C-ED42-422F-B549-B3BD8E33E7DA}.Debug|x64.Build.0 = Debug|x64
		{AFE67C1C-ED42-422F-B549-B3BD8E33E7DA}.Debug|x86.ActiveCfg = Debug|Win32
		{AFE67C1C-ED42-422F-B549-B3BD8E33E7DA}.Debug|x86.Build.0 = Debug|Win32
		{AFE67C1C-ED42-422F-B549-B3BD8E33E7DA}.Release|x64.ActiveCfg = Release|x64
		{AFE67C1C-ED42-422F-B549-B3BD8E33E7DA}.Release|x64.Build.0 = Release|x64
		{AFE67C1C-ED42-422F-B549-B3BD8E33E7DA}.Release|x86.ActiveCfg = Release|Win32
		{AFE67C1C-ED42-422F-B549-B3BD8E33E7DA}.Release|x86.Build.0 = Release|Win32
		{2B63FA90-EF6F-4643-B6FC-B23788FC1AB1}.Debug|x64.ActiveCfg = Debug|x64
		{2B63FA90-EF6F-4643-B6FC-B23788FC1AB1}.Debug|x64.Build.0 = Debug|x64
		{2B63FA90-EF6F-4643-B6FC-B23788FC1AB1}.Debug|x86.ActiveCfg = Debug|Win32
		{2B63FA90-EF6F-4643-B6FC-B23788FC1AB1}.Debug|x86.Build.0 = Debug|Win32
		{2B63FA90-EF6F-4643-B6FC-B23788FC1AB1}.Release|x64.ActiveCfg = Release|x64
		{2B63FA90-EF6F-4643-B6FC-B23788FC1AB1}.Release|x64.Build.0 = Release|x64
		{2B63FA90-EF6F-4643-B6FC-B23788FC1AB1}.Release|x86.ActiveCfg = Release|Win32
		{2B63FA90-EF6F-4643-B6FC-B23788FC1AB1}.Release|x86.Build.0 = Release|Win32
		{80F7905C-0D38-48F2-B56B-FF92B3FDF9EE}.Debug|x64.ActiveCfg = Debug|x64
		{80F7905C-0D38-48F2-B56B-FF92B3FDF9EE}.Debug|x64.Build.0 = Debug|x64
		{80F7905C-0D38-48F2-B56B-FF92B3FDF9EE}.Debug|x86.ActiveCfg = Debug|Win32
		{80F7905C-0D38-48F2-B56B-FF92B3FDF9EE}.Debug|x86.Build.0 = Debug|Win32
		{80F7905C-0D38-48F2-B56B-FF92B3FDF9EE}.Release|x64.ActiveCfg = Release|x64
		{80F7905C-0D38-48F2-B56B-FF92B3FDF9EE}.Release|x64.Build.0 = Release|x64
		{80F7905C-0D38-48F2-B56B-FF92B3FDF9EE}.Release|x86.ActiveCfg = Release|Win32
		{80F7905C-0D38-48F2-B56B-FF92B3FDF9EE}.Release|x86.Build.0 = Release|Win32
	EndGlobalSection
	GlobalSection(SolutionProperties) = preSolution
		HideSolutionNode = FALSE
	EndGlobalSection
	GlobalSection(ExtensibilityGlobals) = postSolution
		SolutionGuid = {55232EFC-783D-4C19-83CB-232E10ED6B66}
	EndGlobalSection
EndGlobal
